
Microsoft Visual Studio Solution File, Format Version 12.00
# Visual Studio Version 17
VisualStudioVersion = 17.3.32901.215
MinimumVisualStudioVersion = 10.0.40219.1
Project("{FAE04EC0-301F-11D3-BF4B-00C04F79EFBC}") = "ConsoleUI", "ConsoleUI\ConsoleUI.csproj", "{95B2823D-9932-41DD-A8C8-953787C2AE96}"
EndProject
Project("{FAE04EC0-301F-11D3-BF4B-00C04F79EFBC}") = "DemoLibrary", "DemoLibrary\DemoLibrary.csproj", "{99ECE9B0-2497-4298-9442-0B928EC91459}"
EndProject
Global
	GlobalSection(SolutionConfigurationPlatforms) = preSolution
		Debug|Any CPU = Debug|Any CPU
		Release|Any CPU = Release|Any CPU
	EndGlobalSection
	GlobalSection(ProjectConfigurationPlatforms) = postSolution
		{95B2823D-9932-41DD-A8C8-953787C2AE96}.Debug|Any CPU.ActiveCfg = Debug|Any CPU
		{95B2823D-9932-41DD-A8C8-953787C2AE96}.Debug|Any CPU.Build.0 = Debug|Any CPU
		{95B2823D-9932-41DD-A8C8-953787C2AE96}.Release|Any CPU.ActiveCfg = Release|Any CPU
		{95B2823D-9932-41DD-A8C8-953787C2AE96}.Release|Any CPU.Build.0 = Release|Any CPU
		{99ECE9B0-2497-4298-9442-0B928EC91459}.Debug|Any CPU.ActiveCfg = Debug|Any CPU
		{99ECE9B0-2497-4298-9442-0B928EC91459}.Debug|Any CPU.Build.0 = Debug|Any CPU
		{99ECE9B0-2497-4298-9442-0B928EC91459}.Release|Any CPU.ActiveCfg = Release|Any CPU
		{99ECE9B0-2497-4298-9442-0B928EC91459}.Release|Any CPU.Build.0 = Release|Any CPU
	EndGlobalSection
	GlobalSection(SolutionProperties) = preSolution
		HideSolutionNode = FALSE
	EndGlobalSection
	GlobalSection(ExtensibilityGlobals) = postSolution
		SolutionGuid = {AF7AF0DB-DC3D-41F8-A167-1046D8DFB8CA}
	EndGlobalSection
EndGlobal
